{
    "_meta": {
        "hash": {
            "sha256": "0b5a20069d42692b20dbd47c1e75d44af20cd5f132316aaf771b16dae9d21ee1"
        },
        "pipfile-spec": 6,
        "requires": {
            "python_version": "3.6"
        },
        "sources": [
            {
                "name": "pypi",
                "url": "https://pypi.org/simple",
                "verify_ssl": true
            }
        ]
    },
    "default": {
        "certifi": {
            "hashes": [
                "sha256:5930595817496dd21bb8dc35dad090f1c2cd0adfaf21204bf6732ca5d8ee34d3",
                "sha256:8fc0819f1f30ba15bdb34cceffb9ef04d99f420f68eb75d901e9560b8749fc41"
            ],
            "version": "==2020.6.20"
        },
        "chardet": {
            "hashes": [
                "sha256:84ab92ed1c4d4f16916e05906b6b75a6c0fb5db821cc65e70cbd64a3e2a5eaae",
                "sha256:fc323ffcaeaed0e0a02bf4d117757b98aed530d9ed4531e3e15460124c106691"
            ],
            "version": "==3.0.4"
        },
        "idna": {
            "hashes": [
                "sha256:b307872f855b18632ce0c21c5e45be78c0ea7ae4c15c828c20788b26921eb3f6",
                "sha256:b97d804b1e9b523befed77c48dacec60e6dcb0b5391d57af6a65a312a90648c0"
            ],
            "markers": "python_version >= '2.7' and python_version not in '3.0, 3.1, 3.2, 3.3'",
            "version": "==2.10"
        },
        "numpy": {
            "hashes": [
                "sha256:13af0184177469192d80db9bd02619f6fa8b922f9f327e077d6f2a6acb1ce1c0",
                "sha256:26a45798ca2a4e168d00de75d4a524abf5907949231512f372b217ede3429e98",
                "sha256:26f509450db547e4dfa3ec739419b31edad646d21fb8d0ed0734188b35ff6b27",
                "sha256:30a59fb41bb6b8c465ab50d60a1b298d1cd7b85274e71f38af5a75d6c475d2d2",
                "sha256:33c623ef9ca5e19e05991f127c1be5aeb1ab5cdf30cb1c5cf3960752e58b599b",
                "sha256:356f96c9fbec59974a592452ab6a036cd6f180822a60b529a975c9467fcd5f23",
                "sha256:3c40c827d36c6d1c3cf413694d7dc843d50997ebffbc7c87d888a203ed6403a7",
                "sha256:4d054f013a1983551254e2379385e359884e5af105e3efe00418977d02f634a7",
                "sha256:63d971bb211ad3ca37b2adecdd5365f40f3b741a455beecba70fd0dde8b2a4cb",
                "sha256:658624a11f6e1c252b2cd170d94bf28c8f9410acab9f2fd4369e11e1cd4e1aaf",
                "sha256:76766cc80d6128750075378d3bb7812cf146415bd29b588616f72c943c00d598",
                "sha256:7b57f26e5e6ee2f14f960db46bd58ffdca25ca06dd997729b1b179fddd35f5a3",
                "sha256:7b852817800eb02e109ae4a9cef2beda8dd50d98b76b6cfb7b5c0099d27b52d4",
                "sha256:8cde829f14bd38f6da7b2954be0f2837043e8b8d7a9110ec5e318ae6bf706610",
                "sha256:a2e3a39f43f0ce95204beb8fe0831199542ccab1e0c6e486a0b4947256215632",
                "sha256:a86c962e211f37edd61d6e11bb4df7eddc4a519a38a856e20a6498c319efa6b0",
                "sha256:a8705c5073fe3fcc297fb8e0b31aa794e05af6a329e81b7ca4ffecab7f2b95ef",
                "sha256:b6aaeadf1e4866ca0fdf7bb4eed25e521ae21a7947c59f78154b24fc7abbe1dd",
                "sha256:be62aeff8f2f054eff7725f502f6228298891fd648dc2630e03e44bf63e8cee0",
                "sha256:c2edbb783c841e36ca0fa159f0ae97a88ce8137fb3a6cd82eae77349ba4b607b",
                "sha256:cbe326f6d364375a8e5a8ccb7e9cd73f4b2f6dc3b2ed205633a0db8243e2a96a",
                "sha256:d34fbb98ad0d6b563b95de852a284074514331e6b9da0a9fc894fb1cdae7a79e",
                "sha256:d97a86937cf9970453c3b62abb55a6475f173347b4cde7f8dcdb48c8e1b9952d",
                "sha256:dd53d7c4a69e766e4900f29db5872f5824a06827d594427cf1a4aa542818b796",
                "sha256:df1889701e2dfd8ba4dc9b1a010f0a60950077fb5242bb92c8b5c7f1a6f2668a",
                "sha256:fa1fe75b4a9e18b66ae7f0b122543c42debcf800aaafa0212aaff3ad273c2596"
            ],
            "markers": "python_version >= '3.6'",
            "version": "==1.19.0"
        },
        "opencv-contrib-python": {
            "hashes": [
                "sha256:0cd90d93904890f3ef03e5685c310f566e96e13de0dbc262f99692fc66cdf5a3",
                "sha256:0d743314495f19def98cf86110b54712a67350330e8394e63736b4c282388d7d",
                "sha256:150ee231316eeda3ca159db92b5e1acd9a3e8626daf5015b71e79048e354c3bc",
                "sha256:1706d00c079c5d843d57c002e7c3d9740b7917a7bff663e4fb445314fce2e3ad",
                "sha256:2d7a6fd2f47d596a12c2f96db441c8f7754d8c0295fa5ee4cfe6304c61199aab",
                "sha256:2f3c77787a222184bc96e68afbd53d3df1ccee24a74be9ad7d885470e492e130",
                "sha256:3703a47499b0a012fe42ea10fb4a0364fc2731db1c04603e90e7e06c40484aac",
                "sha256:3f3d2fac3a38e3c8599acb16b684ca077e10c71add3eec00fd5a7e5bd845d69f",
                "sha256:405f1ba6620d9e9f9ccb1520b21ad3a2cf1909ad94e7d96cac087b37c2be2f6f",
                "sha256:5dc6ca7dd29f1bc6d0aef1ae21f1b69ef3fcb2672cdbc48e3224f95af5f06f9e",
                "sha256:6b5df3167785ef7361119b778152fc1e6dec20da523b0625500579f91331f8b0",
                "sha256:7539b40fe944396c9e049004614f425b82a03ed40b11d925313340f0e8508842",
                "sha256:790b057ff546a6d83a5c1b50c5e927a423571511e37247acf9961647be10c666",
                "sha256:8a0e338d74d3a17e9cfc9aace1e4bb7e8c485a4ab9ea5f2a697237e03c011961",
                "sha256:8f443de54d9da75633f5c7d27e443ada177f26e40c586f15032762cb5d71795e",
                "sha256:8f6bafdd7985648b71604109d3c86fa6362b3ec7a9bf41d72244946f0ce21875",
                "sha256:955f100725e2c1cf55bfbf9fe65ee16406faf72cd6f71e973dfae9fd9761ab97",
                "sha256:95ea10cf234907688543eeac97553a7ce4c3f08e23b6bcd85707dfb92b4a56f3",
                "sha256:b427efc71ff1e858d327323ee1ec3e3f6dd459337ef12d7e9aa3c4164c452ece",
                "sha256:c73131c0b685991513d0ba0e5e9cdab0702c5ab358e261641637c60c55c5d409",
                "sha256:c964db2173e6e9eb5d9d6655a4ba19780a1a98d6d7325b2480c8c4d6d371058f",
                "sha256:ceb413fb4d95a01f803fc590203b0e4811014823f1dfe32a5b0235b61c2a3d24",
                "sha256:dd1244d58fee4bbd83f0dde782d675223bb4ebb07a830ad65d5fe53882ec2a55",
                "sha256:de8b28ea97e560c9f1c925bd2b9b1521c5b69e732fe7a4705ac2117c56e5bbda",
                "sha256:e375eed31b2051aa4aa3310c515206a593a58776263efbe569562715c505aa06",
                "sha256:e5a22a529b216862e5394cb0314df012cbb54cc47a51095165e54d2eee074096",
                "sha256:ec8a5ccf180ea0411280f6815f22075d81f95ec829679f07330678466f314506"
            ],
            "index": "pypi",
            "version": "==3.4.5.20"
        },
        "requests": {
            "hashes": [
                "sha256:b3559a131db72c33ee969480840fff4bb6dd111de7dd27c8ee1f820f4f00231b",
                "sha256:fe75cc94a9443b9246fc7049224f75604b113c36acb93f87b80ed42c44cbb898"
            ],
            "index": "pypi",
            "version": "==2.24.0"
        },
        "urllib3": {
            "hashes": [
                "sha256:3018294ebefce6572a474f0604c2021e33b3fd8006ecd11d62107a5d2a963527",
                "sha256:88206b0eb87e6d677d424843ac5209e3fb9d0190d0ee169599165ec25e9d9115"
            ],
            "markers": "python_version >= '2.7' and python_version not in '3.0, 3.1, 3.2, 3.3, 3.4' and python_version < '4'",
            "version": "==1.25.9"
        }
    },
    "develop": {}
}
